
Microsoft Visual Studio Solution File, Format Version 12.00
# Visual Studio Version 17
VisualStudioVersion = 17.9.34622.214
MinimumVisualStudioVersion = 10.0.40219.1
Project("{9A19103F-16F7-4668-BE54-9A1E7A4F7556}") = "ProjectService", "ProjectService.csproj", "{02C222D8-029A-4939-B478-810AAD7CF5AE}"
EndProject
Project("{9A19103F-16F7-4668-BE54-9A1E7A4F7556}") = "ProjectMVC", "..\ProjectMVC\ProjectMVC.csproj", "{1082E10B-BFD9-4ED8-A4CE-91AECF80FBEA}"
EndProject
Project("{9A19103F-16F7-4668-BE54-9A1E7A4F7556}") = "ProjectService.Test", "..\ProjectMVC.Test\ProjectService.Test.csproj", "{4E5D4D5D-A9CB-4F0C-BA53-87A0910CBFE8}"
EndProject
Global
	GlobalSection(SolutionConfigurationPlatforms) = preSolution
		Debug|Any CPU = Debug|Any CPU
		Release|Any CPU = Release|Any CPU
	EndGlobalSection
	GlobalSection(ProjectConfigurationPlatforms) = postSolution
		{02C222D8-029A-4939-B478-810AAD7CF5AE}.Debug|Any CPU.ActiveCfg = Debug|Any CPU
		{02C222D8-029A-4939-B478-810AAD7CF5AE}.Debug|Any CPU.Build.0 = Debug|Any CPU
		{02C222D8-029A-4939-B478-810AAD7CF5AE}.Release|Any CPU.ActiveCfg = Release|Any CPU
		{02C222D8-029A-4939-B478-810AAD7CF5AE}.Release|Any CPU.Build.0 = Release|Any CPU
		{1082E10B-BFD9-4ED8-A4CE-91AECF80FBEA}.Debug|Any CPU.ActiveCfg = Debug|Any CPU
		{1082E10B-BFD9-4ED8-A4CE-91AECF80FBEA}.Debug|Any CPU.Build.0 = Debug|Any CPU
		{1082E10B-BFD9-4ED8-A4CE-91AECF80FBEA}.Release|Any CPU.ActiveCfg = Release|Any CPU
		{1082E10B-BFD9-4ED8-A4CE-91AECF80FBEA}.Release|Any CPU.Build.0 = Release|Any CPU
		{4E5D4D5D-A9CB-4F0C-BA53-87A0910CBFE8}.Debug|Any CPU.ActiveCfg = Debug|Any CPU
		{4E5D4D5D-A9CB-4F0C-BA53-87A0910CBFE8}.Debug|Any CPU.Build.0 = Debug|Any CPU
		{4E5D4D5D-A9CB-4F0C-BA53-87A0910CBFE8}.Release|Any CPU.ActiveCfg = Release|Any CPU
		{4E5D4D5D-A9CB-4F0C-BA53-87A0910CBFE8}.Release|Any CPU.Build.0 = Release|Any CPU
	EndGlobalSection
	GlobalSection(SolutionProperties) = preSolution
		HideSolutionNode = FALSE
	EndGlobalSection
	GlobalSection(ExtensibilityGlobals) = postSolution
		SolutionGuid = {09242B59-327B-4B91-A125-FA6E05216B56}
	EndGlobalSection
EndGlobal
